
Microsoft Visual Studio Solution File, Format Version 12.00
# Visual Studio Version 17
VisualStudioVersion = 17.5.002.0
MinimumVisualStudioVersion = 10.0.40219.1
Project("{9A19103F-16F7-4668-BE54-9A1E7A4F7556}") = "EzpeletaNetCore8", "EzpeletaNetCore8.csproj", "{DE9F75BF-9C0D-45F0-A2CD-5055902A9D0F}"
EndProject
Global
	GlobalSection(SolutionConfigurationPlatforms) = preSolution
		Debug|Any CPU = Debug|Any CPU
		Release|Any CPU = Release|Any CPU
	EndGlobalSection
	GlobalSection(ProjectConfigurationPlatforms) = postSolution
		{DE9F75BF-9C0D-45F0-A2CD-5055902A9D0F}.Debug|Any CPU.ActiveCfg = Debug|Any CPU
		{DE9F75BF-9C0D-45F0-A2CD-5055902A9D0F}.Debug|Any CPU.Build.0 = Debug|Any CPU
		{DE9F75BF-9C0D-45F0-A2CD-5055902A9D0F}.Release|Any CPU.ActiveCfg = Release|Any CPU
		{DE9F75BF-9C0D-45F0-A2CD-5055902A9D0F}.Release|Any CPU.Build.0 = Release|Any CPU
	EndGlobalSection
	GlobalSection(SolutionProperties) = preSolution
		HideSolutionNode = FALSE
	EndGlobalSection
	GlobalSection(ExtensibilityGlobals) = postSolution
		SolutionGuid = {44F85140-3083-49CD-B848-CA641CF6C56B}
	EndGlobalSection
EndGlobal
